{
  "version": 4,
  "terraform_version": "0.12.24",
  "serial": 51,
  "lineage": "132fe3d0-568d-cc21-eaaa-ae17dbbb89fb",
  "outputs": {},
  "resources": [
    {
      "mode": "managed",
      "type": "azurerm_app_service",
      "name": "rg",
      "provider": "provider.azurerm",
      "instances": [
        {
          "schema_version": 0,
          "attributes": {
            "app_service_plan_id": "/subscriptions/1d61ca22-4ef9-494b-8204-cf36a43eebe4/resourceGroups/dev-template/providers/Microsoft.Web/serverfarms/kellett-template-11-plan",
            "app_settings": {
              "app_global_admin_password": "sanD1ego01!@",
              "app_global_admin_username": "dan.kellett@outlook.com",
              "auth_cert_thumbprint": "5F5B30EE4917330E7D98A1B01E5060C8317AA5C5"
            },
            "auth_settings": [
              {
                "active_directory": [],
                "additional_login_params": {},
                "allowed_external_redirect_urls": [],
                "default_provider": "",
                "enabled": false,
                "facebook": [],
                "google": [],
                "issuer": "",
                "microsoft": [],
                "runtime_version": "",
                "token_refresh_extension_hours": 0,
                "token_store_enabled": false,
                "twitter": [],
                "unauthenticated_client_action": ""
              }
            ],
            "backup": [],
            "client_affinity_enabled": true,
            "client_cert_enabled": false,
            "connection_string": [
              {
                "name": "Database",
                "type": "SQLAzure",
                "value": "Server=tcp:kellett-template-dbserver.database.windows.net,1433;Initial Catalog=kellett-template-db;Persist Security Info=False;User ID=dkellett;Password=sanD1ego01!@;MultipleActiveResultSets=False;Encrypt=True;TrustServerCertificate=False;Connection Timeout=30;"
              }
            ],
            "default_site_hostname": "kellett-template-11.azurewebsites.net",
            "enabled": true,
            "https_only": false,
            "id": "/subscriptions/1d61ca22-4ef9-494b-8204-cf36a43eebe4/resourceGroups/dev-template/providers/Microsoft.Web/sites/kellett-template-11",
            "identity": [],
            "location": "westus",
            "logs": [
              {
                "application_logs": [
                  {
                    "azure_blob_storage": []
                  }
                ],
                "http_logs": [
                  {
                    "azure_blob_storage": [],
                    "file_system": []
                  }
                ]
              }
            ],
            "name": "kellett-template-11",
            "outbound_ip_addresses": "40.83.145.50,104.42.191.8,104.42.186.112,104.42.186.44,104.42.187.158",
            "possible_outbound_ip_addresses": "40.83.145.50,104.42.191.8,104.42.186.112,104.42.186.44,104.42.187.158,104.42.188.168,104.42.185.137",
            "resource_group_name": "dev-template",
            "site_config": [
              {
                "always_on": false,
                "app_command_line": "",
                "auto_swap_slot_name": "",
                "cors": [
                  {
                    "allowed_origins": [],
                    "support_credentials": false
                  }
                ],
                "default_documents": null,
                "dotnet_framework_version": "v4.0",
                "ftps_state": "AllAllowed",
                "health_check_path": "",
                "http2_enabled": false,
                "ip_restriction": [],
                "java_container": "",
                "java_container_version": "",
                "java_version": "",
                "linux_fx_version": "",
                "local_mysql_enabled": false,
                "managed_pipeline_mode": "Integrated",
                "min_tls_version": "1.2",
                "php_version": "",
                "python_version": "",
                "remote_debugging_enabled": false,
                "remote_debugging_version": "VS2019",
                "scm_type": "None",
                "use_32_bit_worker_process": false,
                "websockets_enabled": false,
                "windows_fx_version": ""
              }
            ],
            "site_credential": [
              {
                "password": "kdFwFrwg2wDlrciGeKJSeFxtP57hgguCanYyYplljqGa76ojnErlp3fB8Zm5",
                "username": "$kellett-template-11"
              }
            ],
            "source_control": [
              {
                "branch": "master",
                "repo_url": ""
              }
            ],
            "storage_account": [],
            "tags": null,
            "timeouts": null
          },
          "private": "eyJlMmJmYjczMC1lY2FhLTExZTYtOGY4OC0zNDM2M2JjN2M0YzAiOnsiY3JlYXRlIjoxODAwMDAwMDAwMDAwLCJkZWxldGUiOjE4MDAwMDAwMDAwMDAsInJlYWQiOjMwMDAwMDAwMDAwMCwidXBkYXRlIjoxODAwMDAwMDAwMDAwfX0=",
          "dependencies": [
            "azurerm_app_service_plan.rg",
            "azurerm_resource_group.rg",
            "azurerm_sql_database.rg",
            "azurerm_sql_server.rg",
            "azurerm_storage_account.rg"
          ]
        }
      ]
    },
    {
      "mode": "managed",
      "type": "azurerm_app_service_certificate",
      "name": "rg",
      "provider": "provider.azurerm",
      "instances": [
        {
          "schema_version": 0,
          "attributes": {
            "expiration_date": "2030-04-21T23:30:17Z",
            "friendly_name": "",
            "host_names": [
              "example.com"
            ],
            "id": "/subscriptions/1d61ca22-4ef9-494b-8204-cf36a43eebe4/resourceGroups/dev-template/providers/Microsoft.Web/certificates/auth-cert",
            "issue_date": "2020-04-23T23:30:17Z",
            "issuer": "example.com",
            "key_vault_secret_id": null,
            "location": "westus",
            "name": "auth-cert",
            "password": "sanD1ego",
            "pfx_blob": "MIIP0QIBAzCCD5cGCSqGSIb3DQEHAaCCD4gEgg+EMIIPgDCCBbcGCSqGSIb3DQEHBqCCBagwggWkAgEAMIIFnQYJKoZIhvcNAQcBMBwGCiqGSIb3DQEMAQYwDgQI8yyQBZrnaK8CAggAgIIFcPWrJGYfS0qelxIW9y1GXQo3iNT8w+86zQDR7ez0b3Nsup/tWq/Ea0vDTTzruM5gjc+u4aOQFSoRAdMmq7T3rbor45s7y/FZ+ELI/SbY2i6I1eCCg7KMcCAHJcxwlGnIJhP0sOM8yrIlSWaOe5m3wlm52576RZ5rdjZxPn0VrfZSmHKitGTWA7zb9C77pv1DVrKeAqvgvvI0RaHDUVu+t4owEPnWY1fryhrDDo/Uwbgg6+6kxb6LMV4DlanN0lX4P5bN/25P2m6FI5TcYydRp8G/IrmQ/vD95qrSOyY5hECnm6nMyaHilFiGdkqGCeNhnyOB+0aDMBTYrq3YnFdhUcfzjSq3E+ESaL3c3Mc1SvOT7cKSXxs2HSyVvzAE1K/0m2Aux8LBtmeV63/hobioTjNaekPnX9YGlw1VPqsx0JwLWiqKN8LxUCs8C3gKlNo682oMti5QvQTohmFoR+46N+dntocbjJ+iJw2r6TpYw5cduwItxNcJGUQJV7Dkptn0W125BOgHwjigpG6eT1CaM07dsC2S0raIqHZMaVrdWicC4gbnnztgN9p+1Jma+OMaVfAysxQ0dOjqkErkWabi0U4XooH3PwwkD/ynVC8JuoPIbuKb7j8e9moLC3+mUAyfmsjz+fznh9XNl5bCQ2o6723bjx/FpR5/pdYNyEQyz+bzc2f383JLt6/wHD67KlHUgw3IQLzUuYROV8BkSJQs24vVoLsSbxpQ20Hisyh8dPl6wblMQElIvvtewjQaxouylK4vYZxUM7V+OxVe/p/WaBzuJ5Fl37CT0H6KAJmyGaHDbri4JvcM64mqBxdt05AKB4kOnqTHEpnfRoa5qkZ8Ax690cF6GjM0TeuCQ0GTvQwrLhPA/zEM+H/Jq/C601+k36aQgSXUBdSty0/ODWfR7nBOqU4ZHZ6x/LLclYSixPc/EMgH8nD8gYsmrGAAaMm7cQ2atHDIKFP2w5ZT9y0mcclesvUoeY/OzXhNOSUCn3Zi7j6XIkMCBaR8qI19U7I5vBsulAsgSySq/l4f6ESN2488wp2fgYdMBmZ07Qw+1Y6mVRl5UWDXj16fycqTox/kUY8jhaqEgp8pENv4vcJUD6qB1u54d+qqa1BZFt/EFZz7m7Kca42zNIFJ4e/V0fkMwlw/98gP7ipcBZ5LlhnGc8nePOYuRd92VimG3ijYw4PHkhy8xI7pMtP2Gpr8YXm30WpE9tTulFS4J7EubGsQhVGk9+8+7fMuoxdMRnZ79vlclPS4szZlbGk0VoE3RzT0OxA7SgoND8yMAdrNjkT/9VWRLrWksNla4pVcVL1xvxFxK+iCGYtZt6T4jc5d1bERXTaSredGmrAc2AOjo8xvqEMmfZmYcMyv0eEE1x5zIi1HwX1yOh4EJusyECRzWU1/ZRkMaSilo4AgOStrNafF5nmoyeSAIilyUj2fdhNVkBGzVCh2PAecG0BGZmhRyQBmKHXP9FGX5mCwmHVHaK6ekk72hBwzBewhcZwzAJYDKCwcmG067J5fDxnUDk4Pv0g7hY/x2EIhELTTyEuLk9njPvvCKOSiIAzZIt2hF0CxClU6BP1kzp8oCEUpdkvucLrizUf04yxH258qGzzW8ZfWP988d1E18zN+Kv5KXQWUJUV9jg5UkYZuM3ZddvzNgFpH32WapgzgutZGYm83BJCxOvmEEbuCvLlAzy0Jo21VyxGUtUZVUG1qUGI+mFlSQixKf074LRNkTqHtI8syERJcpvV8E1T5DZfNniHucfdcQeTDjW9L/vD7c2W6UdcEy06LWQ2aYp+kP1xKaxW3G8ivX+NsDVw7u39iqWzvF3qDYvjks1J6YYGEACZccYVubLkPQzCCCcEGCSqGSIb3DQEHAaCCCbIEggmuMIIJqjCCCaYGCyqGSIb3DQEMCgECoIIJbjCCCWowHAYKKoZIhvcNAQwBAzAOBAg9cffdUKVKvwICCAAEgglI9jA8pdclbwWkWpZ6BWxlz7SvOrbf4bi5OoLep0ljINrBzz7M7gZt5pb28Ej7f7F69JrRtZyxBrVJixId0oeZmVB/DT20K+vkmQ1b+L5GBnc+U48u11YYba9n4UQUjJqvbsROBOX/IrVTYtn1R4zfj8ax2QPyXSQsCGqwuzxgOwoVVKC3LJ/e6l8El4QVfwfm+hq1nS/GAJmhIh4CBrJn7I5GvkzaBwsTdFX5ET4HAK3iR+6VEIAKGNU8LWIzm0nkUTGibfrSkFEP1mH+C6HBo194SsTR45l5+U9RB49PoNsHOUBDEn0nFE5BG67ud+oyBgatHdQLqX/qnUpCWN/NNDD1qS017LqIMXQRojHDQI1cAfY4xCEKG4O3eMZ0is9oOMa0zltfLIBFzjN+ky8IzhdlSvNMHufx+VLm3ApPuJzaSagPHvnin+uHz0e+pUe/tz/7lMK5YY9cymy9V0IFqWId/9tSbnaUeKbMbrRpDS1bxQuhk4tk+lBZgB3gYiTBis+QFZOosYZ5dbnAbd2KYMI6DbedRVBv/Yyud0O6bBbrHg/8t3YX+E2NzNJh+zYfGgSPMyanVtbVSS7xVLHbTG+W61khu0zIkq6RrJDtKXGue55DzkvFM6M7bGLewXu/pKRGix51ivl3TjLU7lDEBwRk2YC/9IJ5R11DF1kqqlSI3oTXMVMdLyRT+t4y1CKq/ETHFgL5tNUh0Dhf5n8ceZAjWYSTx8Md8/8IAYN07TuqGwHB5ex7jeVR+phiqDQMcmxZcPuucPhlYh2GXPsbCsP4FpisM+r+JPaguz+hh4D7hk+vsuol8jeJG314lpeL1mIB/oHKpIJh4sKhzweTvIeG15tM84MwiuiMyi8aSOwb4o0i0mXbnKxz73Ycl0mrLCElYxm6UxrMfe5WqlVTbWi0Gd6S8Af2ybXwqu77qbhmdxjeQfUnQ+OjUV9Rj3eWAlB/RCMj3yMXL1QrxH/6lWGgrSgUU6r0q7miVrlkAzlGLxDPHnw3HSDE/NJYok8mCf8BN1I5if+IiWEW1OuPZ9XvGMj53Mf6tllYgxjCouz8u3wi20MrHfoC42aMaHzA9+pOwkv/FSJk6t9VrwQg1ZuLZQtr/U4W6khKeOJIVb1wjs2ZsjeK3fk/jq82/yt8jOSNwoKsRy28pqPWibfOablXCUkg9F08YArLmVJceP9+QOgrufnFNL3YjH9synrtxtUHLDf36XHcqkCT84/ETAtzgTG8iMFNJSHGV6sD3lBVoD7CimfJVQosl0eiAGtTdDT1R8NjbCOmlP0DiYXcAlQX6SStpAnl/3rnVSRWAAMXvNk0Mr+cZHfht9oIZPstb8XfnuCwi0PNKLDUSsM941Vy/rikB9vlEyxI49+TWsS2xhgdHv0JkGOsC7tygVsiLwzzd4rHvEgEKNeiGSfwTu0m4ZxJ/BTgUxgqahTUUcVQkDcIhTWYjjdGRzzNcPXPYZjdZERWc2H+0wkpsHNQJ+TabJsqzFJvcZwyoheOiEWBQ5/ZF8P8ye2KxDAosCmG9EtM15IECRe1aLuLzKJewu5MJh1ztNNisw62t13ARfk6+34z6S3vBos+jGAcHXR8AtxC/wbC3CRQVSDQTGluRZ7v2/4YfWRKbTGK1n+JGJtj1dLFmdyg10WqG6CZx0VKKnjsgS445bbxrkW7HBzoy2+HdMx48LJCrlMTDFI1Wuq69Y8MH/ggRafLzfkqne06HFdxKYpGthsKmX+sU2pZ0anhZ/zHGxL59vHuASZcLUyZflorxCiJ738OD+kELkirduPHbcFXLpyDE1eVgZkee3MhC/QN9G/krHp4oE3B3IUtf7X08AofK64Tms4Fuit9sN/IPCd6L6+RJWSEr5fuDuNc9zBju4ZkjLszSvZTptQ7CSUJzbuJwVouVyeoii4XZqGvW3rGKaJgNA2oEbDd8aF2xBg+fjWDUgLIol49BXWBN52f9Zac9W51TLJaBl9N88H64C8kt2qtNe/ekeF4vdABLGyP58ljorFNVHfen1qscaR4oQLvcD2PMnqWJxKIxyNHi3HIIOY2E6FPkTULLHzpVQUUU3JjT0OsLGeS4ZPb4qe4eI4e8drxF+HgLRSpG21JBJ/VQ8BlZmrAfaRasFyt1cxPqerh6Qz29ZgrHDSrjbWGD3RN0/BOw3c/fGINSb419DEotG8X5ErwuwRQoF7fbEoSeh9OANgP5GuSJZb+5TYBWGMumdoRM4yWwIAMgIbVzEOy3+LNVs5GT8Beg7cv95QHl2uQWXb4EsfiuNAFGVapUiRSMROCov6+hV50Lt5GBpTOuuvVT4h1osuKChxBp66D7mHNOhZd8jhd5MtFRG61dNlZ7ZXLX66RyKC3HYnIjMrGBByfxYU37Nj365mtjAUHHKGeTIbeunSPtsMH0JCeJiKa3JrKYfmf6c/L1FufzqBgVcuZBp/Zml51YJ5/D7/eGgyCn/Qpp8fKOCqKSceLD6slqOlgoH72Zwkxtc+Qg8btu0GzanfzEJqmljkn9CpTKbhdra6WgtscQUABE8Cly/bDlV0GWql7llnZD2ezwlHd6NOlhNsb3aMGjFqDQ18klpeXi9NcQSsn9i4ZNx1BJ7bk5D5bvqTKpxYSKryyUsuXKdMyPU1ajJeyFQrEfAB2M6BAkLmUXBstwtcaa+fGOCZYJyF0EwBzTAR3gWgsYxiHbp9iVtVQ1lPM9EdZGGIfCCDBRwWDfjiSeV915hUTUlAbttx0FmuVrzb0cZc2P0SYHJjpQnyauTEAqeRgUx+PSefiBsBL/LbAJoza6cbzRMd9FAhCKdn3xJQBXpJHz5fNiAx/bjnnrXdv/eaJNHWNPzEZmf0P7NnET+fNMJ3ln36yMMK7qVbbchHSAbCcQ6HzDvol1qi6fDM4QrmO39Ml7U8zo/uxPyeRIwGKTBikFIqyM2sL/jIrtMzSn+l3bAUYarNd77RRspmGFkt8hIYHwqfeoOpdgflpphHLQq8tX0ivPdbVfOb3m28rpd60ZehiMbG1Sd+XB0EthPH8wbh3F3LLIE8Ap2HRI0QmgdmXqcpwzkqn0XhnuxhacHRpTdCX00fZ+BfWc5mzwjAZcf4xqh9Osvg0u0iD7fGgxG+cL+vS/qBBFHxTj1ql9ct1dMW1ZgRdQsbzT+0/j19XkMBDyKTkMSUwIwYJKoZIhvcNAQkVMRYEFF9bMO5JFzMOfZihsB5QYMgxeqXFMDEwITAJBgUrDgMCGgUABBRH/vLPTBDF6iikQoKKLBX4XTcsrQQIl72RI9a8qUACAggA",
            "resource_group_name": "dev-template",
            "subject_name": "example.com",
            "tags": null,
            "thumbprint": "5F5B30EE4917330E7D98A1B01E5060C8317AA5C5",
            "timeouts": null
          },
          "private": "eyJlMmJmYjczMC1lY2FhLTExZTYtOGY4OC0zNDM2M2JjN2M0YzAiOnsiY3JlYXRlIjoxODAwMDAwMDAwMDAwLCJkZWxldGUiOjE4MDAwMDAwMDAwMDAsInJlYWQiOjMwMDAwMDAwMDAwMCwidXBkYXRlIjoxODAwMDAwMDAwMDAwfX0=",
          "dependencies": [
            "azurerm_resource_group.rg"
          ]
        }
      ]
    },
    {
      "mode": "managed",
      "type": "azurerm_app_service_plan",
      "name": "rg",
      "provider": "provider.azurerm",
      "instances": [
        {
          "schema_version": 0,
          "attributes": {
            "app_service_environment_id": "",
            "id": "/subscriptions/1d61ca22-4ef9-494b-8204-cf36a43eebe4/resourceGroups/dev-template/providers/Microsoft.Web/serverfarms/kellett-template-11-plan",
            "is_xenon": false,
            "kind": "Windows",
            "location": "westus",
            "maximum_elastic_worker_count": 1,
            "maximum_number_of_workers": 10,
            "name": "kellett-template-11-plan",
            "per_site_scaling": false,
            "reserved": false,
            "resource_group_name": "dev-template",
            "sku": [
              {
                "capacity": 1,
                "size": "S1",
                "tier": "Standard"
              }
            ],
            "tags": null,
            "timeouts": null
          },
          "private": "eyJlMmJmYjczMC1lY2FhLTExZTYtOGY4OC0zNDM2M2JjN2M0YzAiOnsiY3JlYXRlIjozNjAwMDAwMDAwMDAwLCJkZWxldGUiOjM2MDAwMDAwMDAwMDAsInJlYWQiOjMwMDAwMDAwMDAwMCwidXBkYXRlIjozNjAwMDAwMDAwMDAwfX0=",
          "dependencies": [
            "azurerm_resource_group.rg"
          ]
        }
      ]
    },
    {
      "mode": "managed",
      "type": "azurerm_resource_group",
      "name": "rg",
      "provider": "provider.azurerm",
      "instances": [
        {
          "schema_version": 0,
          "attributes": {
            "id": "/subscriptions/1d61ca22-4ef9-494b-8204-cf36a43eebe4/resourceGroups/dev-template",
            "location": "westus",
            "name": "dev-template",
            "tags": null,
            "timeouts": null
          },
          "private": "eyJlMmJmYjczMC1lY2FhLTExZTYtOGY4OC0zNDM2M2JjN2M0YzAiOnsiY3JlYXRlIjo1NDAwMDAwMDAwMDAwLCJkZWxldGUiOjU0MDAwMDAwMDAwMDAsInJlYWQiOjMwMDAwMDAwMDAwMCwidXBkYXRlIjo1NDAwMDAwMDAwMDAwfX0="
        }
      ]
    },
    {
      "mode": "managed",
      "type": "azurerm_sql_database",
      "name": "rg",
      "provider": "provider.azurerm",
      "instances": [
        {
          "schema_version": 0,
          "attributes": {
            "collation": "SQL_Latin1_General_CP1_CI_AS",
            "create_mode": "Default",
            "creation_date": "2020-05-13T02:02:46.61Z",
            "default_secondary_location": "East US",
            "edition": "GeneralPurpose",
            "elastic_pool_name": "",
            "encryption": "",
            "extended_auditing_policy": [
              {
                "retention_in_days": 6,
                "storage_account_access_key": "P34MaxaO0R/wXmI2w6sPBNoeMsisWOTHV07tVD6pdDJgrYIGgVFNbujOIzDFLgAIaUe1WMEZB0K9pDNMEBb22w==",
                "storage_account_access_key_is_secondary": true,
                "storage_endpoint": "https://kelletttemplatesa.blob.core.windows.net/"
              }
            ],
            "id": "/subscriptions/1d61ca22-4ef9-494b-8204-cf36a43eebe4/resourceGroups/dev-template/providers/Microsoft.Sql/servers/kellett-template-dbserver/databases/kellett-template-db",
            "import": [],
            "location": "westus",
            "max_size_bytes": "34359738368",
            "max_size_gb": null,
            "name": "kellett-template-db",
            "read_scale": false,
            "requested_service_objective_id": "f21733ad-9b9b-4d4e-a4fa-94a133c41718",
            "requested_service_objective_name": "GP_Gen5_2",
            "resource_group_name": "dev-template",
            "restore_point_in_time": null,
            "server_name": "kellett-template-dbserver",
            "source_database_deletion_date": null,
            "source_database_id": null,
            "tags": {
              "environment": "production"
            },
            "threat_detection_policy": [
              {
                "disabled_alerts": [],
                "email_account_admins": "Disabled",
                "email_addresses": [],
                "retention_days": 0,
                "state": "Disabled",
                "storage_account_access_key": "",
                "storage_endpoint": "",
                "use_server_default": "Disabled"
              }
            ],
            "timeouts": null,
            "zone_redundant": false
          },
          "private": "eyJlMmJmYjczMC1lY2FhLTExZTYtOGY4OC0zNDM2M2JjN2M0YzAiOnsiY3JlYXRlIjozNjAwMDAwMDAwMDAwLCJkZWxldGUiOjM2MDAwMDAwMDAwMDAsInJlYWQiOjMwMDAwMDAwMDAwMCwidXBkYXRlIjozNjAwMDAwMDAwMDAwfX0=",
          "dependencies": [
            "azurerm_resource_group.rg",
            "azurerm_sql_server.rg",
            "azurerm_storage_account.rg"
          ]
        }
      ]
    },
    {
      "mode": "managed",
      "type": "azurerm_sql_server",
      "name": "rg",
      "provider": "provider.azurerm",
      "instances": [
        {
          "schema_version": 0,
          "attributes": {
            "administrator_login": "dkellett",
            "administrator_login_password": "sanD1ego01!@",
            "connection_policy": "Default",
            "extended_auditing_policy": [
              {
                "retention_in_days": 6,
                "storage_account_access_key": "P34MaxaO0R/wXmI2w6sPBNoeMsisWOTHV07tVD6pdDJgrYIGgVFNbujOIzDFLgAIaUe1WMEZB0K9pDNMEBb22w==",
                "storage_account_access_key_is_secondary": true,
                "storage_endpoint": "https://kelletttemplatesa.blob.core.windows.net/"
              }
            ],
            "fully_qualified_domain_name": "kellett-template-dbserver.database.windows.net",
            "id": "/subscriptions/1d61ca22-4ef9-494b-8204-cf36a43eebe4/resourceGroups/dev-template/providers/Microsoft.Sql/servers/kellett-template-dbserver",
            "identity": [],
            "location": "westus",
            "name": "kellett-template-dbserver",
            "resource_group_name": "dev-template",
            "tags": {
              "environment": "production"
            },
            "timeouts": null,
            "version": "12.0"
          },
          "private": "eyJlMmJmYjczMC1lY2FhLTExZTYtOGY4OC0zNDM2M2JjN2M0YzAiOnsiY3JlYXRlIjozNjAwMDAwMDAwMDAwLCJkZWxldGUiOjM2MDAwMDAwMDAwMDAsInJlYWQiOjMwMDAwMDAwMDAwMCwidXBkYXRlIjozNjAwMDAwMDAwMDAwfX0=",
          "dependencies": [
            "azurerm_resource_group.rg",
            "azurerm_storage_account.rg"
          ]
        }
      ]
    },
    {
      "mode": "managed",
      "type": "azurerm_storage_account",
      "name": "rg",
      "provider": "provider.azurerm",
      "instances": [
        {
          "schema_version": 2,
          "attributes": {
            "access_tier": "Hot",
            "account_kind": "StorageV2",
            "account_replication_type": "LRS",
            "account_tier": "Standard",
            "blob_properties": [],
            "custom_domain": [],
            "enable_https_traffic_only": true,
            "id": "/subscriptions/1d61ca22-4ef9-494b-8204-cf36a43eebe4/resourceGroups/dev-template/providers/Microsoft.Storage/storageAccounts/kelletttemplatesa",
            "identity": [],
            "is_hns_enabled": false,
            "location": "westus",
            "name": "kelletttemplatesa",
            "network_rules": [
              {
                "bypass": [
                  "AzureServices"
                ],
                "default_action": "Allow",
                "ip_rules": [],
                "virtual_network_subnet_ids": []
              }
            ],
            "primary_access_key": "P34MaxaO0R/wXmI2w6sPBNoeMsisWOTHV07tVD6pdDJgrYIGgVFNbujOIzDFLgAIaUe1WMEZB0K9pDNMEBb22w==",
            "primary_blob_connection_string": "DefaultEndpointsProtocol=https;BlobEndpoint=https://kelletttemplatesa.blob.core.windows.net/;AccountName=kelletttemplatesa;AccountKey=P34MaxaO0R/wXmI2w6sPBNoeMsisWOTHV07tVD6pdDJgrYIGgVFNbujOIzDFLgAIaUe1WMEZB0K9pDNMEBb22w==",
            "primary_blob_endpoint": "https://kelletttemplatesa.blob.core.windows.net/",
            "primary_blob_host": "kelletttemplatesa.blob.core.windows.net",
            "primary_connection_string": "DefaultEndpointsProtocol=https;AccountName=kelletttemplatesa;AccountKey=P34MaxaO0R/wXmI2w6sPBNoeMsisWOTHV07tVD6pdDJgrYIGgVFNbujOIzDFLgAIaUe1WMEZB0K9pDNMEBb22w==;EndpointSuffix=core.windows.net",
            "primary_dfs_endpoint": "https://kelletttemplatesa.dfs.core.windows.net/",
            "primary_dfs_host": "kelletttemplatesa.dfs.core.windows.net",
            "primary_file_endpoint": "https://kelletttemplatesa.file.core.windows.net/",
            "primary_file_host": "kelletttemplatesa.file.core.windows.net",
            "primary_location": "westus",
            "primary_queue_endpoint": "https://kelletttemplatesa.queue.core.windows.net/",
            "primary_queue_host": "kelletttemplatesa.queue.core.windows.net",
            "primary_table_endpoint": "https://kelletttemplatesa.table.core.windows.net/",
            "primary_table_host": "kelletttemplatesa.table.core.windows.net",
            "primary_web_endpoint": "https://kelletttemplatesa.z22.web.core.windows.net/",
            "primary_web_host": "kelletttemplatesa.z22.web.core.windows.net",
            "queue_properties": [
              {
                "cors_rule": [],
                "hour_metrics": [
                  {
                    "enabled": true,
                    "include_apis": true,
                    "retention_policy_days": 7,
                    "version": "1.0"
                  }
                ],
                "logging": [
                  {
                    "delete": false,
                    "read": false,
                    "retention_policy_days": 0,
                    "version": "1.0",
                    "write": false
                  }
                ],
                "minute_metrics": [
                  {
                    "enabled": false,
                    "include_apis": false,
                    "retention_policy_days": 0,
                    "version": "1.0"
                  }
                ]
              }
            ],
            "resource_group_name": "dev-template",
            "secondary_access_key": "W5mnMU33duRjmcoYi9PQ04LYyycyMCgT7XoHUlaKzwxm+P7REyeAS0ns3e/xDlgi7Gf9dmJK6fJg5lluLgNEpg==",
            "secondary_blob_connection_string": "",
            "secondary_blob_endpoint": null,
            "secondary_blob_host": null,
            "secondary_connection_string": "DefaultEndpointsProtocol=https;AccountName=kelletttemplatesa;AccountKey=W5mnMU33duRjmcoYi9PQ04LYyycyMCgT7XoHUlaKzwxm+P7REyeAS0ns3e/xDlgi7Gf9dmJK6fJg5lluLgNEpg==;EndpointSuffix=core.windows.net",
            "secondary_dfs_endpoint": null,
            "secondary_dfs_host": null,
            "secondary_file_endpoint": null,
            "secondary_file_host": null,
            "secondary_location": "",
            "secondary_queue_endpoint": null,
            "secondary_queue_host": null,
            "secondary_table_endpoint": null,
            "secondary_table_host": null,
            "secondary_web_endpoint": null,
            "secondary_web_host": null,
            "static_website": [],
            "tags": null,
            "timeouts": null
          },
          "private": "eyJlMmJmYjczMC1lY2FhLTExZTYtOGY4OC0zNDM2M2JjN2M0YzAiOnsiY3JlYXRlIjozNjAwMDAwMDAwMDAwLCJkZWxldGUiOjM2MDAwMDAwMDAwMDAsInJlYWQiOjMwMDAwMDAwMDAwMCwidXBkYXRlIjozNjAwMDAwMDAwMDAwfSwic2NoZW1hX3ZlcnNpb24iOiIyIn0=",
          "dependencies": [
            "azurerm_resource_group.rg"
          ]
        }
      ]
    }
  ]
}
